Microsoft Visual Studio Solution File, Format Version 11.00
# Visual Studio 2008

Project("{E40EB6FD-6C46-41D9-42BB-6DD3C7AED442}") = "GalaxyDefender", "Assembly-CSharp-firstpass.csproj", "{807C8C21-1107-9ED9-1370-8249A6F9DDBD}"
EndProject
Project("{E40EB6FD-6C46-41D9-42BB-6DD3C7AED442}") = "GalaxyDefender", "Assembly-CSharp.csproj", "{37D6ADD1-6177-38CC-23DC-F94E9A2BA2E7}"
EndProject
Project("{E40EB6FD-6C46-41D9-42BB-6DD3C7AED442}") = "GalaxyDefender", "Assembly-CSharp-Editor-firstpass.csproj", "{21F217AE-FE1B-5ED7-A148-40C66347C730}"
EndProject
Global
	GlobalSection(SolutionConfigurationPlatforms) = preSolution
		Debug|Any CPU = Debug|Any CPU
		Release|Any CPU = Release|Any CPU
	EndGlobalSection
	GlobalSection(ProjectConfigurationPlatforms) = postSolution
		{807C8C21-1107-9ED9-1370-8249A6F9DDBD}.Debug|Any CPU.ActiveCfg = Debug|Any CPU
		{807C8C21-1107-9ED9-1370-8249A6F9DDBD}.Debug|Any CPU.Build.0 = Debug|Any CPU
		{807C8C21-1107-9ED9-1370-8249A6F9DDBD}.Release|Any CPU.ActiveCfg = Release|Any CPU
		{807C8C21-1107-9ED9-1370-8249A6F9DDBD}.Release|Any CPU.Build.0 = Release|Any CPU
		{37D6ADD1-6177-38CC-23DC-F94E9A2BA2E7}.Debug|Any CPU.ActiveCfg = Debug|Any CPU
		{37D6ADD1-6177-38CC-23DC-F94E9A2BA2E7}.Debug|Any CPU.Build.0 = Debug|Any CPU
		{37D6ADD1-6177-38CC-23DC-F94E9A2BA2E7}.Release|Any CPU.ActiveCfg = Release|Any CPU
		{37D6ADD1-6177-38CC-23DC-F94E9A2BA2E7}.Release|Any CPU.Build.0 = Release|Any CPU
		{21F217AE-FE1B-5ED7-A148-40C66347C730}.Debug|Any CPU.ActiveCfg = Debug|Any CPU
		{21F217AE-FE1B-5ED7-A148-40C66347C730}.Debug|Any CPU.Build.0 = Debug|Any CPU
		{21F217AE-FE1B-5ED7-A148-40C66347C730}.Release|Any CPU.ActiveCfg = Release|Any CPU
		{21F217AE-FE1B-5ED7-A148-40C66347C730}.Release|Any CPU.Build.0 = Release|Any CPU
	EndGlobalSection
	GlobalSection(SolutionProperties) = preSolution
		HideSolutionNode = FALSE
	EndGlobalSection
	GlobalSection(MonoDevelopProperties) = preSolution
		StartupItem = Assembly-CSharp.csproj
	EndGlobalSection
EndGlobal
